
Microsoft Visual Studio Solution File, Format Version 12.00
# Visual Studio Version 17
VisualStudioVersion = 17.1.32328.378
MinimumVisualStudioVersion = 10.0.40219.1
Project("{FAE04EC0-301F-11D3-BF4B-00C04F79EFBC}") = "Synergy.Arrays_Practice_2(Random)", "Synergy.Arrays_Practice_2(Random)\Synergy.Arrays_Practice_2(Random).csproj", "{9079C5DB-51B8-46CC-980E-AD9EB361EABC}"
EndProject
Global
	GlobalSection(SolutionConfigurationPlatforms) = preSolution
		Debug|Any CPU = Debug|Any CPU
		Release|Any CPU = Release|Any CPU
	EndGlobalSection
	GlobalSection(ProjectConfigurationPlatforms) = postSolution
		{9079C5DB-51B8-46CC-980E-AD9EB361EABC}.Debug|Any CPU.ActiveCfg = Debug|Any CPU
		{9079C5DB-51B8-46CC-980E-AD9EB361EABC}.Debug|Any CPU.Build.0 = Debug|Any CPU
		{9079C5DB-51B8-46CC-980E-AD9EB361EABC}.Release|Any CPU.ActiveCfg = Release|Any CPU
		{9079C5DB-51B8-46CC-980E-AD9EB361EABC}.Release|Any CPU.Build.0 = Release|Any CPU
	EndGlobalSection
	GlobalSection(SolutionProperties) = preSolution
		HideSolutionNode = FALSE
	EndGlobalSection
	GlobalSection(ExtensibilityGlobals) = postSolution
		SolutionGuid = {A3673CA7-5645-4E75-89BC-B2D71ABBA045}
	EndGlobalSection
EndGlobal
